{
  "name": "veritas-private",
  "version": "0.5.2-teaching",
  "lockfileVersion": 3,
  "requires": true,
  "packages": {
    "": {
      "name": "veritas-private",
      "version": "0.5.2-teaching",
      "license": "UNLICENSED",
      "engines": {
        "node": "24.18.0",
        "npm": "11.16.0"
      }
    }
  }
}
